
Microsoft Visual Studio Solution File, Format Version 12.00
# Visual Studio Version 17
VisualStudioVersion = 17.9.34723.18
MinimumVisualStudioVersion = 10.0.40219.1
Project("{FAE04EC0-301F-11D3-BF4B-00C04F79EFBC}") = "Calencadabra", "Calencadabra\Calencadabra.csproj", "{38709934-ACCA-44BB-A037-FCBA97AF82CB}"
EndProject
Global
	GlobalSection(SolutionConfigurationPlatforms) = preSolution
		Debug|Any CPU = Debug|Any CPU
		Release|Any CPU = Release|Any CPU
	EndGlobalSection
	GlobalSection(ProjectConfigurationPlatforms) = postSolution
		{38709934-ACCA-44BB-A037-FCBA97AF82CB}.Debug|Any CPU.ActiveCfg = Debug|Any CPU
		{38709934-ACCA-44BB-A037-FCBA97AF82CB}.Debug|Any CPU.Build.0 = Debug|Any CPU
		{38709934-ACCA-44BB-A037-FCBA97AF82CB}.Release|Any CPU.ActiveCfg = Release|Any CPU
		{38709934-ACCA-44BB-A037-FCBA97AF82CB}.Release|Any CPU.Build.0 = Release|Any CPU
	EndGlobalSection
	GlobalSection(SolutionProperties) = preSolution
		HideSolutionNode = FALSE
	EndGlobalSection
	GlobalSection(ExtensibilityGlobals) = postSolution
		SolutionGuid = {EAB1641C-0C9F-4255-AC8D-89835F286B24}
	EndGlobalSection
EndGlobal
